// !$*UTF8*$!
{
	archiveVersion = 1;
	classes = {
	};
	objectVersion = 50;
	objects = {

/* Begin PBXBuildFile section */
		9B12D09720D14EF900B63C05 /* AppDelegate.swift in Sources */ = {isa = PBXBuildFile; fileRef = 9B12D09620D14EF900B63C05 /* AppDelegate.swift */; };
		9B12D09920D14EF900B63C05 /* LifeViewController.swift in Sources */ = {isa = PBXBuildFile; fileRef = 9B12D09820D14EF900B63C05 /* LifeViewController.swift */; };
		9B12D09C20D14EF900B63C05 /* Main.storyboard in Resources */ = {isa = PBXBuildFile; fileRef = 9B12D09A20D14EF900B63C05 /* Main.storyboard */; };
		9B12D09E20D14EFA00B63C05 /* Assets.xcassets in Resources */ = {isa = PBXBuildFile; fileRef = 9B12D09D20D14EFA00B63C05 /* Assets.xcassets */; };
		9B12D0A120D14EFA00B63C05 /* LaunchScreen.storyboard in Resources */ = {isa = PBXBuildFile; fileRef = 9B12D09F20D14EFA00B63C05 /* LaunchScreen.storyboard */; };
		9B12D0A620D14EFA00B63C05 /* RPG Kit WatchKit App.app in Embed Watch Content */ = {isa = PBXBuildFile; fileRef = 9B12D0A520D14EFA00B63C05 /* RPG Kit WatchKit App.app */; };
		9B12D0AC20D14EFA00B63C05 /* Interface.storyboard in Resources */ = {isa = PBXBuildFile; fileRef = 9B12D0AA20D14EFA00B63C05 /* Interface.storyboard */; };
		9B12D0AE20D14EFA00B63C05 /* Assets.xcassets in Resources */ = {isa = PBXBuildFile; fileRef = 9B12D0AD20D14EFA00B63C05 /* Assets.xcassets */; };
		9B12D0B520D14EFA00B63C05 /* RPG Kit WatchKit Extension.appex in Embed App Extensions */ = {isa = PBXBuildFile; fileRef = 9B12D0B420D14EFA00B63C05 /* RPG Kit WatchKit Extension.appex */; settings = {ATTRIBUTES = (RemoveHeadersOnCopy, ); }; };
		9B12D0BA20D14EFB00B63C05 /* InterfaceController.swift in Sources */ = {isa = PBXBuildFile; fileRef = 9B12D0B920D14EFB00B63C05 /* InterfaceController.swift */; };
		9B12D0BC20D14EFB00B63C05 /* ExtensionDelegate.swift in Sources */ = {isa = PBXBuildFile; fileRef = 9B12D0BB20D14EFB00B63C05 /* ExtensionDelegate.swift */; };
		9B12D0BE20D14EFB00B63C05 /* Assets.xcassets in Resources */ = {isa = PBXBuildFile; fileRef = 9B12D0BD20D14EFB00B63C05 /* Assets.xcassets */; };
		9B12D0CE20D150CB00B63C05 /* DiceController.swift in Sources */ = {isa = PBXBuildFile; fileRef = 9B12D0CD20D150CB00B63C05 /* DiceController.swift */; };
		9B713F6F20D16D5100EAC2F1 /* WatchShaker.swift in Sources */ = {isa = PBXBuildFile; fileRef = 9B713F6E20D16D5100EAC2F1 /* WatchShaker.swift */; };
		9B713F7120D19FA500EAC2F1 /* PageController.swift in Sources */ = {isa = PBXBuildFile; fileRef = 9B713F7020D19FA500EAC2F1 /* PageController.swift */; };
		9B713F7220D1A12800EAC2F1 /* Assets.xcassets in Resources */ = {isa = PBXBuildFile; fileRef = 9B12D0BD20D14EFB00B63C05 /* Assets.xcassets */; };
/* End PBXBuildFile section */

/* Begin PBXContainerItemProxy section */
		9B12D0A720D14EFA00B63C05 /* PBXContainerItemProxy */ = {
			isa = PBXContainerItemProxy;
			containerPortal = 9B12D08B20D14EF900B63C05 /* Project object */;
			proxyType = 1;
			remoteGlobalIDString = 9B12D0A420D14EFA00B63C05;
			remoteInfo = "RPG Kit WatchKit App";
		};
		9B12D0B620D14EFA00B63C05 /* PBXContainerItemProxy */ = {
			isa = PBXContainerItemProxy;
			containerPortal = 9B12D08B20D14EF900B63C05 /* Project object */;
			proxyType = 1;
			remoteGlobalIDString = 9B12D0B320D14EFA00B63C05;
			remoteInfo = "RPG Kit WatchKit Extension";
		};
/* End PBXContainerItemProxy section */

/* Begin PBXCopyFilesBuildPhase section */
		9B12D0C520D14EFB00B63C05 /* Embed App Extensions */ = {
			isa = PBXCopyFilesBuildPhase;
			buildActionMask = 2147483647;
			dstPath = "";
			dstSubfolderSpec = 13;
			files = (
				9B12D0B520D14EFA00B63C05 /* RPG Kit WatchKit Extension.appex in Embed App Extensions */,
			);
			name = "Embed App Extensions";
			runOnlyForDeploymentPostprocessing = 0;
		};
		9B12D0C920D14EFB00B63C05 /* Embed Watch Content */ = {
			isa = PBXCopyFilesBuildPhase;
			buildActionMask = 2147483647;
			dstPath = "$(CONTENTS_FOLDER_PATH)/Watch";
			dstSubfolderSpec = 16;
			files = (
				9B12D0A620D14EFA00B63C05 /* RPG Kit WatchKit App.app in Embed Watch Content */,
			);
			name = "Embed Watch Content";
			runOnlyForDeploymentPostprocessing = 0;
		};
/* End PBXCopyFilesBuildPhase section */

/* Begin PBXFileReference section */
		9B12D09320D14EF900B63C05 /* RPG Kit.app */ = {isa = PBXFileReference; explicitFileType = wrapper.application; includeInIndex = 0; path = "RPG Kit.app"; sourceTree = BUILT_PRODUCTS_DIR; };
		9B12D09620D14EF900B63C05 /* AppDelegate.swift */ = {isa = PBXFileReference; lastKnownFileType = sourcecode.swift; path = AppDelegate.swift; sourceTree = "<group>"; };
		9B12D09820D14EF900B63C05 /* LifeViewController.swift */ = {isa = PBXFileReference; lastKnownFileType = sourcecode.swift; path = LifeViewController.swift; sourceTree = "<group>"; };
		9B12D09B20D14EF900B63C05 /* Base */ = {isa = PBXFileReference; lastKnownFileType = file.storyboard; name = Base; path = Base.lproj/Main.storyboard; sourceTree = "<group>"; };
		9B12D09D20D14EFA00B63C05 /* Assets.xcassets */ = {isa = PBXFileReference; lastKnownFileType = folder.assetcatalog; path = Assets.xcassets; sourceTree = "<group>"; };
		9B12D0A020D14EFA00B63C05 /* Base */ = {isa = PBXFileReference; lastKnownFileType = file.storyboard; name = Base; path = Base.lproj/LaunchScreen.storyboard; sourceTree = "<group>"; };
		9B12D0A220D14EFA00B63C05 /* Info.plist */ = {isa = PBXFileReference; lastKnownFileType = text.plist.xml; path = Info.plist; sourceTree = "<group>"; };
		9B12D0A520D14EFA00B63C05 /* RPG Kit WatchKit App.app */ = {isa = PBXFileReference; explicitFileType = wrapper.application; includeInIndex = 0; path = "RPG Kit WatchKit App.app"; sourceTree = BUILT_PRODUCTS_DIR; };
		9B12D0AB20D14EFA00B63C05 /* Base */ = {isa = PBXFileReference; lastKnownFileType = file.storyboard; name = Base; path = Base.lproj/Interface.storyboard; sourceTree = "<group>"; };
		9B12D0AD20D14EFA00B63C05 /* Assets.xcassets */ = {isa = PBXFileReference; lastKnownFileType = folder.assetcatalog; path = Assets.xcassets; sourceTree = "<group>"; };
		9B12D0AF20D14EFA00B63C05 /* Info.plist */ = {isa = PBXFileReference; lastKnownFileType = text.plist.xml; path = Info.plist; sourceTree = "<group>"; };
		9B12D0B420D14EFA00B63C05 /* RPG Kit WatchKit Extension.appex */ = {isa = PBXFileReference; explicitFileType = "wrapper.app-extension"; includeInIndex = 0; path = "RPG Kit WatchKit Extension.appex"; sourceTree = BUILT_PRODUCTS_DIR; };
		9B12D0B920D14EFB00B63C05 /* InterfaceController.swift */ = {isa = PBXFileReference; lastKnownFileType = sourcecode.swift; path = InterfaceController.swift; sourceTree = "<group>"; };
		9B12D0BB20D14EFB00B63C05 /* ExtensionDelegate.swift */ = {isa = PBXFileReference; lastKnownFileType = sourcecode.swift; path = ExtensionDelegate.swift; sourceTree = "<group>"; };
		9B12D0BD20D14EFB00B63C05 /* Assets.xcassets */ = {isa = PBXFileReference; lastKnownFileType = folder.assetcatalog; path = Assets.xcassets; sourceTree = "<group>"; };
		9B12D0BF20D14EFB00B63C05 /* Info.plist */ = {isa = PBXFileReference; lastKnownFileType = text.plist.xml; path = Info.plist; sourceTree = "<group>"; };
		9B12D0CD20D150CB00B63C05 /* DiceController.swift */ = {isa = PBXFileReference; lastKnownFileType = sourcecode.swift; path = DiceController.swift; sourceTree = "<group>"; };
		9B713F6E20D16D5100EAC2F1 /* WatchShaker.swift */ = {isa = PBXFileReference; lastKnownFileType = sourcecode.swift; path = WatchShaker.swift; sourceTree = "<group>"; };
		9B713F7020D19FA500EAC2F1 /* PageController.swift */ = {isa = PBXFileReference; lastKnownFileType = sourcecode.swift; path = PageController.swift; sourceTree = "<group>"; };
/* End PBXFileReference section */

/* Begin PBXFrameworksBuildPhase section */
		9B12D09020D14EF900B63C05 /* Frameworks */ = {
			isa = PBXFrameworksBuildPhase;
			buildActionMask = 2147483647;
			files = (
			);
			runOnlyForDeploymentPostprocessing = 0;
		};
		9B12D0B120D14EFA00B63C05 /* Frameworks */ = {
			isa = PBXFrameworksBuildPhase;
			buildActionMask = 2147483647;
			files = (
			);
			runOnlyForDeploymentPostprocessing = 0;
		};
/* End PBXFrameworksBuildPhase section */

/* Begin PBXGroup section */
		9B12D08A20D14EF900B63C05 = {
			isa = PBXGroup;
			children = (
				9B12D09520D14EF900B63C05 /* RPG Kit */,
				9B12D0A920D14EFA00B63C05 /* RPG Kit WatchKit App */,
				9B12D0B820D14EFA00B63C05 /* RPG Kit WatchKit Extension */,
				9B12D09420D14EF900B63C05 /* Products */,
			);
			sourceTree = "<group>";
		};
		9B12D09420D14EF900B63C05 /* Products */ = {
			isa = PBXGroup;
			children = (
				9B12D09320D14EF900B63C05 /* RPG Kit.app */,
				9B12D0A520D14EFA00B63C05 /* RPG Kit WatchKit App.app */,
				9B12D0B420D14EFA00B63C05 /* RPG Kit WatchKit Extension.appex */,
			);
			name = Products;
			sourceTree = "<group>";
		};
		9B12D09520D14EF900B63C05 /* RPG Kit */ = {
			isa = PBXGroup;
			children = (
				9B12D09620D14EF900B63C05 /* AppDelegate.swift */,
				9B713F7020D19FA500EAC2F1 /* PageController.swift */,
				9B12D09820D14EF900B63C05 /* LifeViewController.swift */,
				9B12D09A20D14EF900B63C05 /* Main.storyboard */,
				9B12D09D20D14EFA00B63C05 /* Assets.xcassets */,
				9B12D09F20D14EFA00B63C05 /* LaunchScreen.storyboard */,
				9B12D0A220D14EFA00B63C05 /* Info.plist */,
			);
			path = "RPG Kit";
			sourceTree = "<group>";
		};
		9B12D0A920D14EFA00B63C05 /* RPG Kit WatchKit App */ = {
			isa = PBXGroup;
			children = (
				9B12D0AA20D14EFA00B63C05 /* Interface.storyboard */,
				9B12D0AD20D14EFA00B63C05 /* Assets.xcassets */,
				9B12D0AF20D14EFA00B63C05 /* Info.plist */,
			);
			path = "RPG Kit WatchKit App";
			sourceTree = "<group>";
		};
		9B12D0B820D14EFA00B63C05 /* RPG Kit WatchKit Extension */ = {
			isa = PBXGroup;
			children = (
				9B12D0B920D14EFB00B63C05 /* InterfaceController.swift */,
				9B12D0CD20D150CB00B63C05 /* DiceController.swift */,
				9B12D0BB20D14EFB00B63C05 /* ExtensionDelegate.swift */,
				9B12D0BD20D14EFB00B63C05 /* Assets.xcassets */,
				9B12D0BF20D14EFB00B63C05 /* Info.plist */,
				9B713F6E20D16D5100EAC2F1 /* WatchShaker.swift */,
			);
			path = "RPG Kit WatchKit Extension";
			sourceTree = "<group>";
		};
/* End PBXGroup section */

/* Begin PBXNativeTarget section */
		9B12D09220D14EF900B63C05 /* RPG Kit */ = {
			isa = PBXNativeTarget;
			buildConfigurationList = 9B12D0CA20D14EFB00B63C05 /* Build configuration list for PBXNativeTarget "RPG Kit" */;
			buildPhases = (
				9B12D08F20D14EF900B63C05 /* Sources */,
				9B12D09020D14EF900B63C05 /* Frameworks */,
				9B12D09120D14EF900B63C05 /* Resources */,
				9B12D0C920D14EFB00B63C05 /* Embed Watch Content */,
			);
			buildRules = (
			);
			dependencies = (
				9B12D0A820D14EFA00B63C05 /* PBXTargetDependency */,
			);
			name = "RPG Kit";
			productName = "RPG Kit";
			productReference = 9B12D09320D14EF900B63C05 /* RPG Kit.app */;
			productType = "com.apple.product-type.application";
		};
		9B12D0A420D14EFA00B63C05 /* RPG Kit WatchKit App */ = {
			isa = PBXNativeTarget;
			buildConfigurationList = 9B12D0C620D14EFB00B63C05 /* Build configuration list for PBXNativeTarget "RPG Kit WatchKit App" */;
			buildPhases = (
				9B12D0A320D14EFA00B63C05 /* Resources */,
				9B12D0C520D14EFB00B63C05 /* Embed App Extensions */,
			);
			buildRules = (
			);
			dependencies = (
				9B12D0B720D14EFA00B63C05 /* PBXTargetDependency */,
			);
			name = "RPG Kit WatchKit App";
			productName = "RPG Kit WatchKit App";
			productReference = 9B12D0A520D14EFA00B63C05 /* RPG Kit WatchKit App.app */;
			productType = "com.apple.product-type.application.watchapp2";
		};
		9B12D0B320D14EFA00B63C05 /* RPG Kit WatchKit Extension */ = {
			isa = PBXNativeTarget;
			buildConfigurationList = 9B12D0C220D14EFB00B63C05 /* Build configuration list for PBXNativeTarget "RPG Kit WatchKit Extension" */;
			buildPhases = (
				9B12D0B020D14EFA00B63C05 /* Sources */,
				9B12D0B120D14EFA00B63C05 /* Frameworks */,
				9B12D0B220D14EFA00B63C05 /* Resources */,
			);
			buildRules = (
			);
			dependencies = (
			);
			name = "RPG Kit WatchKit Extension";
			productName = "RPG Kit WatchKit Extension";
			productReference = 9B12D0B420D14EFA00B63C05 /* RPG Kit WatchKit Extension.appex */;
			productType = "com.apple.product-type.watchkit2-extension";
		};
/* End PBXNativeTarget section */

/* Begin PBXProject section */
		9B12D08B20D14EF900B63C05 /* Project object */ = {
			isa = PBXProject;
			attributes = {
				LastSwiftUpdateCheck = 0930;
				LastUpgradeCheck = 0930;
				ORGANIZATIONNAME = "Giovani Nascimento Pereira";
				TargetAttributes = {
					9B12D09220D14EF900B63C05 = {
						CreatedOnToolsVersion = 9.3;
					};
					9B12D0A420D14EFA00B63C05 = {
						CreatedOnToolsVersion = 9.3;
					};
					9B12D0B320D14EFA00B63C05 = {
						CreatedOnToolsVersion = 9.3;
					};
				};
			};
			buildConfigurationList = 9B12D08E20D14EF900B63C05 /* Build configuration list for PBXProject "RPG Kit" */;
			compatibilityVersion = "Xcode 9.3";
			developmentRegion = en;
			hasScannedForEncodings = 0;
			knownRegions = (
				en,
				Base,
			);
			mainGroup = 9B12D08A20D14EF900B63C05;
			productRefGroup = 9B12D09420D14EF900B63C05 /* Products */;
			projectDirPath = "";
			projectRoot = "";
			targets = (
				9B12D09220D14EF900B63C05 /* RPG Kit */,
				9B12D0A420D14EFA00B63C05 /* RPG Kit WatchKit App */,
				9B12D0B320D14EFA00B63C05 /* RPG Kit WatchKit Extension */,
			);
		};
/* End PBXProject section */

/* Begin PBXResourcesBuildPhase section */
		9B12D09120D14EF900B63C05 /* Resources */ = {
			isa = PBXResourcesBuildPhase;
			buildActionMask = 2147483647;
			files = (
				9B12D0A120D14EFA00B63C05 /* LaunchScreen.storyboard in Resources */,
				9B12D09E20D14EFA00B63C05 /* Assets.xcassets in Resources */,
				9B713F7220D1A12800EAC2F1 /* Assets.xcassets in Resources */,
				9B12D09C20D14EF900B63C05 /* Main.storyboard in Resources */,
			);
			runOnlyForDeploymentPostprocessing = 0;
		};
		9B12D0A320D14EFA00B63C05 /* Resources */ = {
			isa = PBXResourcesBuildPhase;
			buildActionMask = 2147483647;
			files = (
				9B12D0AE20D14EFA00B63C05 /* Assets.xcassets in Resources */,
				9B12D0AC20D14EFA00B63C05 /* Interface.storyboard in Resources */,
			);
			runOnlyForDeploymentPostprocessing = 0;
		};
		9B12D0B220D14EFA00B63C05 /* Resources */ = {
			isa = PBXResourcesBuildPhase;
			buildActionMask = 2147483647;
			files = (
				9B12D0BE20D14EFB00B63C05 /* Assets.xcassets in Resources */,
			);
			runOnlyForDeploymentPostprocessing = 0;
		};
/* End PBXResourcesBuildPhase section */

/* Begin PBXSourcesBuildPhase section */
		9B12D08F20D14EF900B63C05 /* Sources */ = {
			isa = PBXSourcesBuildPhase;
			buildActionMask = 2147483647;
			files = (
				9B12D09920D14EF900B63C05 /* LifeViewController.swift in Sources */,
				9B12D09720D14EF900B63C05 /* AppDelegate.swift in Sources */,
				9B713F7120D19FA500EAC2F1 /* PageController.swift in Sources */,
			);
			runOnlyForDeploymentPostprocessing = 0;
		};
		9B12D0B020D14EFA00B63C05 /* Sources */ = {
			isa = PBXSourcesBuildPhase;
			buildActionMask = 2147483647;
			files = (
				9B12D0BC20D14EFB00B63C05 /* ExtensionDelegate.swift in Sources */,
				9B713F6F20D16D5100EAC2F1 /* WatchShaker.swift in Sources */,
				9B12D0BA20D14EFB00B63C05 /* InterfaceController.swift in Sources */,
				9B12D0CE20D150CB00B63C05 /* DiceController.swift in Sources */,
			);
			runOnlyForDeploymentPostprocessing = 0;
		};
/* End PBXSourcesBuildPhase section */

/* Begin PBXTargetDependency section */
		9B12D0A820D14EFA00B63C05 /* PBXTargetDependency */ = {
			isa = PBXTargetDependency;
			target = 9B12D0A420D14EFA00B63C05 /* RPG Kit WatchKit App */;
			targetProxy = 9B12D0A720D14EFA00B63C05 /* PBXContainerItemProxy */;
		};
		9B12D0B720D14EFA00B63C05 /* PBXTargetDependency */ = {
			isa = PBXTargetDependency;
			target = 9B12D0B320D14EFA00B63C05 /* RPG Kit WatchKit Extension */;
			targetProxy = 9B12D0B620D14EFA00B63C05 /* PBXContainerItemProxy */;
		};
/* End PBXTargetDependency section */

/* Begin PBXVariantGroup section */
		9B12D09A20D14EF900B63C05 /* Main.storyboard */ = {
			isa = PBXVariantGroup;
			children = (
				9B12D09B20D14EF900B63C05 /* Base */,
			);
			name = Main.storyboard;
			sourceTree = "<group>";
		};
		9B12D09F20D14EFA00B63C05 /* LaunchScreen.storyboard */ = {
			isa = PBXVariantGroup;
			children = (
				9B12D0A020D14EFA00B63C05 /* Base */,
			);
			name = LaunchScreen.storyboard;
			sourceTree = "<group>";
		};
		9B12D0AA20D14EFA00B63C05 /* Interface.storyboard */ = {
			isa = PBXVariantGroup;
			children = (
				9B12D0AB20D14EFA00B63C05 /* Base */,
			);
			name = Interface.storyboard;
			sourceTree = "<group>";
		};
/* End PBXVariantGroup section */

/* Begin XCBuildConfiguration section */
		9B12D0C020D14EFB00B63C05 /* Debug */ = {
			isa = XCBuildConfiguration;
			buildSettings = {
				ALWAYS_SEARCH_USER_PATHS = NO;
				CLANG_ANALYZER_NONNULL = YES;
				CLANG_ANALYZER_NUMBER_OBJECT_CONVERSION = YES_AGGRESSIVE;
				CLANG_CXX_LANGUAGE_STANDARD = "gnu++14";
				CLANG_CXX_LIBRARY = "libc++";
				CLANG_ENABLE_MODULES = YES;
				CLANG_ENABLE_OBJC_ARC = YES;
				CLANG_ENABLE_OBJC_WEAK = YES;
				CLANG_WARN_BLOCK_CAPTURE_AUTORELEASING = YES;
				CLANG_WARN_BOOL_CONVERSION = YES;
				CLANG_WARN_COMMA = YES;
				CLANG_WARN_CONSTANT_CONVERSION = YES;
				CLANG_WARN_DEPRECATED_OBJC_IMPLEMENTATIONS = YES;
				CLANG_WARN_DIRECT_OBJC_ISA_USAGE = YES_ERROR;
				CLANG_WARN_DOCUMENTATION_COMMENTS = YES;
				CLANG_WARN_EMPTY_BODY = YES;
				CLANG_WARN_ENUM_CONVERSION = YES;
				CLANG_WARN_INFINITE_RECURSION = YES;
				CLANG_WARN_INT_CONVERSION = YES;
				CLANG_WARN_NON_LITERAL_NULL_CONVERSION = YES;
				CLANG_WARN_OBJC_IMPLICIT_RETAIN_SELF = YES;
				CLANG_WARN_OBJC_LITERAL_CONVERSION = YES;
				CLANG_WARN_OBJC_ROOT_CLASS = YES_ERROR;
				CLANG_WARN_RANGE_LOOP_ANALYSIS = YES;
				CLANG_WARN_STRICT_PROTOTYPES = YES;
				CLANG_WARN_SUSPICIOUS_MOVE = YES;
				CLANG_WARN_UNGUARDED_AVAILABILITY = YES_AGGRESSIVE;
				CLANG_WARN_UNREACHABLE_CODE = YES;
				CLANG_WARN__DUPLICATE_METHOD_MATCH = YES;
				CODE_SIGN_IDENTITY = "iPhone Developer";
				COPY_PHASE_STRIP = NO;
				DEBUG_INFORMATION_FORMAT = dwarf;
				ENABLE_STRICT_OBJC_MSGSEND = YES;
				ENABLE_TESTABILITY = YES;
				GCC_C_LANGUAGE_STANDARD = gnu11;
				GCC_DYNAMIC_NO_PIC = NO;
				GCC_NO_COMMON_BLOCKS = YES;
				GCC_OPTIMIZATION_LEVEL = 0;
				GCC_PREPROCESSOR_DEFINITIONS = (
					"DEBUG=1",
					"$(inherited)",
				);
				GCC_WARN_64_TO_32_BIT_CONVERSION = YES;
				GCC_WARN_ABOUT_RETURN_TYPE = YES_ERROR;
				GCC_WARN_UNDECLARED_SELECTOR = YES;
				GCC_WARN_UNINITIALIZED_AUTOS = YES_AGGRESSIVE;
				GCC_WARN_UNUSED_FUNCTION = YES;
				GCC_WARN_UNUSED_VARIABLE = YES;
				IPHONEOS_DEPLOYMENT_TARGET = 10.0;
				MTL_ENABLE_DEBUG_INFO = YES;
				ONLY_ACTIVE_ARCH = YES;
				SDKROOT = iphoneos;
				STRIP_BITCODE_FROM_COPIED_FILES = NO;
				SWIFT_ACTIVE_COMPILATION_CONDITIONS = DEBUG;
				SWIFT_OPTIMIZATION_LEVEL = "-Onone";
			};
			name = Debug;
		};
		9B12D0C120D14EFB00B63C05 /* Release */ = {
			isa = XCBuildConfiguration;
			buildSettings = {
				ALWAYS_SEARCH_USER_PATHS = NO;
				CLANG_ANALYZER_NONNULL = YES;
				CLANG_ANALYZER_NUMBER_OBJECT_CONVERSION = YES_AGGRESSIVE;
				CLANG_CXX_LANGUAGE_STANDARD = "gnu++14";
				CLANG_CXX_LIBRARY = "libc++";
				CLANG_ENABLE_MODULES = YES;
				CLANG_ENABLE_OBJC_ARC = YES;
				CLANG_ENABLE_OBJC_WEAK = YES;
				CLANG_WARN_BLOCK_CAPTURE_AUTORELEASING = YES;
				CLANG_WARN_BOOL_CONVERSION = YES;
				CLANG_WARN_COMMA = YES;
				CLANG_WARN_CONSTANT_CONVERSION = YES;
				CLANG_WARN_DEPRECATED_OBJC_IMPLEMENTATIONS = YES;
				CLANG_WARN_DIRECT_OBJC_ISA_USAGE = YES_ERROR;
				CLANG_WARN_DOCUMENTATION_COMMENTS = YES;
				CLANG_WARN_EMPTY_BODY = YES;
				CLANG_WARN_ENUM_CONVERSION = YES;
				CLANG_WARN_INFINITE_RECURSION = YES;
				CLANG_WARN_INT_CONVERSION = YES;
				CLANG_WARN_NON_LITERAL_NULL_CONVERSION = YES;
				CLANG_WARN_OBJC_IMPLICIT_RETAIN_SELF = YES;
				CLANG_WARN_OBJC_LITERAL_CONVERSION = YES;
				CLANG_WARN_OBJC_ROOT_CLASS = YES_ERROR;
				CLANG_WARN_RANGE_LOOP_ANALYSIS = YES;
				CLANG_WARN_STRICT_PROTOTYPES = YES;
				CLANG_WARN_SUSPICIOUS_MOVE = YES;
				CLANG_WARN_UNGUARDED_AVAILABILITY = YES_AGGRESSIVE;
				CLANG_WARN_UNREACHABLE_CODE = YES;
				CLANG_WARN__DUPLICATE_METHOD_MATCH = YES;
				CODE_SIGN_IDENTITY = "iPhone Developer";
				COPY_PHASE_STRIP = NO;
				DEBUG_INFORMATION_FORMAT = "dwarf-with-dsym";
				ENABLE_NS_ASSERTIONS = NO;
				ENABLE_STRICT_OBJC_MSGSEND = YES;
				GCC_C_LANGUAGE_STANDARD = gnu11;
				GCC_NO_COMMON_BLOCKS = YES;
				GCC_WARN_64_TO_32_BIT_CONVERSION = YES;
				GCC_WARN_ABOUT_RETURN_TYPE = YES_ERROR;
				GCC_WARN_UNDECLARED_SELECTOR = YES;
				GCC_WARN_UNINITIALIZED_AUTOS = YES_AGGRESSIVE;
				GCC_WARN_UNUSED_FUNCTION = YES;
				GCC_WARN_UNUSED_VARIABLE = YES;
				IPHONEOS_DEPLOYMENT_TARGET = 10.0;
				MTL_ENABLE_DEBUG_INFO = NO;
				SDKROOT = iphoneos;
				STRIP_BITCODE_FROM_COPIED_FILES = NO;
				SWIFT_COMPILATION_MODE = wholemodule;
				SWIFT_OPTIMIZATION_LEVEL = "-O";
				VALIDATE_PRODUCT = YES;
			};
			name = Release;
		};
		9B12D0C320D14EFB00B63C05 /* Debug */ = {
			isa = XCBuildConfiguration;
			buildSettings = {
				ASSETCATALOG_COMPILER_COMPLICATION_NAME = Complication;
				CODE_SIGN_STYLE = Automatic;
				DEVELOPMENT_TEAM = 2ECVV26Q6C;
				INFOPLIST_FILE = "RPG Kit WatchKit Extension/Info.plist";
				LD_RUNPATH_SEARCH_PATHS = (
					"$(inherited)",
					"@executable_path/Frameworks",
					"@executable_path/../../Frameworks",
				);
				PRODUCT_BUNDLE_IDENTIFIER = "bepid.campinas.RPG-Kit.watchkitapp.watchkitextension";
				PRODUCT_NAME = "${TARGET_NAME}";
				SDKROOT = watchos;
				SKIP_INSTALL = YES;
				SWIFT_VERSION = 4.0;
				TARGETED_DEVICE_FAMILY = 4;
				WATCHOS_DEPLOYMENT_TARGET = 4.0;
			};
			name = Debug;
		};
		9B12D0C420D14EFB00B63C05 /* Release */ = {
			isa = XCBuildConfiguration;
			buildSettings = {
				ASSETCATALOG_COMPILER_COMPLICATION_NAME = Complication;
				CODE_SIGN_STYLE = Automatic;
				DEVELOPMENT_TEAM = 2ECVV26Q6C;
				INFOPLIST_FILE = "RPG Kit WatchKit Extension/Info.plist";
				LD_RUNPATH_SEARCH_PATHS = (
					"$(inherited)",
					"@executable_path/Frameworks",
					"@executable_path/../../Frameworks",
				);
				PRODUCT_BUNDLE_IDENTIFIER = "bepid.campinas.RPG-Kit.watchkitapp.watchkitextension";
				PRODUCT_NAME = "${TARGET_NAME}";
				SDKROOT = watchos;
				SKIP_INSTALL = YES;
				SWIFT_VERSION = 4.0;
				TARGETED_DEVICE_FAMILY = 4;
				WATCHOS_DEPLOYMENT_TARGET = 4.0;
			};
			name = Release;
		};
		9B12D0C720D14EFB00B63C05 /* Debug */ = {
			isa = XCBuildConfiguration;
			buildSettings = {
				ALWAYS_EMBED_SWIFT_STANDARD_LIBRARIES = YES;
				ASSETCATALOG_COMPILER_APPICON_NAME = AppIcon;
				CODE_SIGN_STYLE = Automatic;
				DEVELOPMENT_TEAM = 2ECVV26Q6C;
				IBSC_MODULE = RPG_Kit_WatchKit_Extension;
				INFOPLIST_FILE = "RPG Kit WatchKit App/Info.plist";
				PRODUCT_BUNDLE_IDENTIFIER = "bepid.campinas.RPG-Kit.watchkitapp";
				PRODUCT_NAME = "$(TARGET_NAME)";
				SDKROOT = watchos;
				SKIP_INSTALL = YES;
				SWIFT_VERSION = 4.0;
				TARGETED_DEVICE_FAMILY = 4;
				WATCHOS_DEPLOYMENT_TARGET = 4.0;
			};
			name = Debug;
		};
		9B12D0C820D14EFB00B63C05 /* Release */ = {
			isa = XCBuildConfiguration;
			buildSettings = {
				ALWAYS_EMBED_SWIFT_STANDARD_LIBRARIES = YES;
				ASSETCATALOG_COMPILER_APPICON_NAME = AppIcon;
				CODE_SIGN_STYLE = Automatic;
				DEVELOPMENT_TEAM = 2ECVV26Q6C;
				IBSC_MODULE = RPG_Kit_WatchKit_Extension;
				INFOPLIST_FILE = "RPG Kit WatchKit App/Info.plist";
				PRODUCT_BUNDLE_IDENTIFIER = "bepid.campinas.RPG-Kit.watchkitapp";
				PRODUCT_NAME = "$(TARGET_NAME)";
				SDKROOT = watchos;
				SKIP_INSTALL = YES;
				SWIFT_VERSION = 4.0;
				TARGETED_DEVICE_FAMILY = 4;
				WATCHOS_DEPLOYMENT_TARGET = 4.0;
			};
			name = Release;
		};
		9B12D0CB20D14EFB00B63C05 /* Debug */ = {
			isa = XCBuildConfiguration;
			buildSettings = {
				ASSETCATALOG_COMPILER_APPICON_NAME = AppIcon;
				CODE_SIGN_STYLE = Automatic;
				DEVELOPMENT_TEAM = 2ECVV26Q6C;
				INFOPLIST_FILE = "RPG Kit/Info.plist";
				IPHONEOS_DEPLOYMENT_TARGET = 10.0;
				LD_RUNPATH_SEARCH_PATHS = (
					"$(inherited)",
					"@executable_path/Frameworks",
				);
				PRODUCT_BUNDLE_IDENTIFIER = "bepid.campinas.RPG-Kit";
				PRODUCT_NAME = "$(TARGET_NAME)";
				SWIFT_VERSION = 4.0;
				TARGETED_DEVICE_FAMILY = "1,2";
			};
			name = Debug;
		};
		9B12D0CC20D14EFB00B63C05 /* Release */ = {
			isa = XCBuildConfiguration;
			buildSettings = {
				ASSETCATALOG_COMPILER_APPICON_NAME = AppIcon;
				CODE_SIGN_STYLE = Automatic;
				DEVELOPMENT_TEAM = 2ECVV26Q6C;
				INFOPLIST_FILE = "RPG Kit/Info.plist";
				IPHONEOS_DEPLOYMENT_TARGET = 10.0;
				LD_RUNPATH_SEARCH_PATHS = (
					"$(inherited)",
					"@executable_path/Frameworks",
				);
				PRODUCT_BUNDLE_IDENTIFIER = "bepid.campinas.RPG-Kit";
				PRODUCT_NAME = "$(TARGET_NAME)";
				SWIFT_VERSION = 4.0;
				TARGETED_DEVICE_FAMILY = "1,2";
			};
			name = Release;
		};
/* End XCBuildConfiguration section */

/* Begin XCConfigurationList section */
		9B12D08E20D14EF900B63C05 /* Build configuration list for PBXProject "RPG Kit" */ = {
			isa = XCConfigurationList;
			buildConfigurations = (
				9B12D0C020D14EFB00B63C05 /* Debug */,
				9B12D0C120D14EFB00B63C05 /* Release */,
			);
			defaultConfigurationIsVisible = 0;
			defaultConfigurationName = Release;
		};
		9B12D0C220D14EFB00B63C05 /* Build configuration list for PBXNativeTarget "RPG Kit WatchKit Extension" */ = {
			isa = XCConfigurationList;
			buildConfigurations = (
				9B12D0C320D14EFB00B63C05 /* Debug */,
				9B12D0C420D14EFB00B63C05 /* Release */,
			);
			defaultConfigurationIsVisible = 0;
			defaultConfigurationName = Release;
		};
		9B12D0C620D14EFB00B63C05 /* Build configuration list for PBXNativeTarget "RPG Kit WatchKit App" */ = {
			isa = XCConfigurationList;
			buildConfigurations = (
				9B12D0C720D14EFB00B63C05 /* Debug */,
				9B12D0C820D14EFB00B63C05 /* Release */,
			);
			defaultConfigurationIsVisible = 0;
			defaultConfigurationName = Release;
		};
		9B12D0CA20D14EFB00B63C05 /* Build configuration list for PBXNativeTarget "RPG Kit" */ = {
			isa = XCConfigurationList;
			buildConfigurations = (
				9B12D0CB20D14EFB00B63C05 /* Debug */,
				9B12D0CC20D14EFB00B63C05 /* Release */,
			);
			defaultConfigurationIsVisible = 0;
			defaultConfigurationName = Release;
		};
/* End XCConfigurationList section */
	};
	rootObject = 9B12D08B20D14EF900B63C05 /* Project object */;
}
